// !$*UTF8*$!
{
	archiveVersion = 1;
	classes = {
	};
	objectVersion = 51;
	objects = {

/* Begin PBXBuildFile section */
		1F0AB29122EBF17F00E3AC93 /* IndexControl.swift in Sources */ = {isa = PBXBuildFile; fileRef = 1F0AB29022EBF17F00E3AC93 /* IndexControl.swift */; };
		1F0AB29322EBF98700E3AC93 /* IndexTableView.swift in Sources */ = {isa = PBXBuildFile; fileRef = 1F0AB29222EBF98700E3AC93 /* IndexTableView.swift */; };
		1F63CF1622E164A700148732 /* LaunchScreen.storyboard in Resources */ = {isa = PBXBuildFile; fileRef = 1F63CF1522E164A700148732 /* LaunchScreen.storyboard */; };
		1F63CF1B22E168DB00148732 /* Authentication.storyboard in Resources */ = {isa = PBXBuildFile; fileRef = 1F63CF1A22E168DB00148732 /* Authentication.storyboard */; };
		1F63CF1D22E1696000148732 /* AuthenticationView.swift in Sources */ = {isa = PBXBuildFile; fileRef = 1F63CF1C22E1696000148732 /* AuthenticationView.swift */; };
		1F6719E222E4DE2F0031C93F /* Answer.swift in Sources */ = {isa = PBXBuildFile; fileRef = 1F6719E122E4DE2F0031C93F /* Answer.swift */; };
		1F6719E422E4DE790031C93F /* Like.swift in Sources */ = {isa = PBXBuildFile; fileRef = 1F6719E322E4DE790031C93F /* Like.swift */; };
		1F6719E622E4DFEB0031C93F /* Rent.swift in Sources */ = {isa = PBXBuildFile; fileRef = 1F6719E522E4DFEB0031C93F /* Rent.swift */; };
		1F9A554E22E2C222000AC204 /* RegisterView.swift in Sources */ = {isa = PBXBuildFile; fileRef = 1F9A554D22E2C222000AC204 /* RegisterView.swift */; };
		1F9A555022E2C307000AC204 /* LoginView.swift in Sources */ = {isa = PBXBuildFile; fileRef = 1F9A554F22E2C307000AC204 /* LoginView.swift */; };
		1F9A555222E2C35D000AC204 /* LoginControl.swift in Sources */ = {isa = PBXBuildFile; fileRef = 1F9A555122E2C35D000AC204 /* LoginControl.swift */; };
		1F9A555422E2C386000AC204 /* RegisterControl.swift in Sources */ = {isa = PBXBuildFile; fileRef = 1F9A555322E2C386000AC204 /* RegisterControl.swift */; };
		1F9A555622E2C3D3000AC204 /* AuthenticationControl.swift in Sources */ = {isa = PBXBuildFile; fileRef = 1F9A555522E2C3D3000AC204 /* AuthenticationControl.swift */; };
		1FB93B2522ECA1E90073B5D0 /* IndexTableViewCell.swift in Sources */ = {isa = PBXBuildFile; fileRef = 1FB93B2422ECA1E90073B5D0 /* IndexTableViewCell.swift */; };
		1FBBCDDE22DF812C00E5518A /* Dress.swift in Sources */ = {isa = PBXBuildFile; fileRef = 1FBBCDDD22DF812C00E5518A /* Dress.swift */; };
		1FBBCDE022DF850D00E5518A /* Image.swift in Sources */ = {isa = PBXBuildFile; fileRef = 1FBBCDDF22DF850D00E5518A /* Image.swift */; };
		1FBBCDE222DF889300E5518A /* Comment.swift in Sources */ = {isa = PBXBuildFile; fileRef = 1FBBCDE122DF889300E5518A /* Comment.swift */; };
		1FBBCDE422DF994700E5518A /* User.swift in Sources */ = {isa = PBXBuildFile; fileRef = 1FBBCDE322DF994700E5518A /* User.swift */; };
		1FBBCDE622DF996A00E5518A /* Address.swift in Sources */ = {isa = PBXBuildFile; fileRef = 1FBBCDE522DF996A00E5518A /* Address.swift */; };
		1FC80C3722DE433B00D0BE59 /* AppDelegate.swift in Sources */ = {isa = PBXBuildFile; fileRef = 1FC80C3622DE433B00D0BE59 /* AppDelegate.swift */; };
		1FC80C3E22DE434B00D0BE59 /* Assets.xcassets in Resources */ = {isa = PBXBuildFile; fileRef = 1FC80C3D22DE434B00D0BE59 /* Assets.xcassets */; };
		1FC80C4C22DE434C00D0BE59 /* SlatiellyTests.swift in Sources */ = {isa = PBXBuildFile; fileRef = 1FC80C4B22DE434C00D0BE59 /* SlatiellyTests.swift */; };
		1FC80C5722DE434C00D0BE59 /* SlatiellyUITests.swift in Sources */ = {isa = PBXBuildFile; fileRef = 1FC80C5622DE434C00D0BE59 /* SlatiellyUITests.swift */; };
		1FC80C6722DE51E700D0BE59 /* GoogleService-Info.plist in Resources */ = {isa = PBXBuildFile; fileRef = 1FC80C6622DE51E600D0BE59 /* GoogleService-Info.plist */; };
		1FDBB7B722E5572900AC257C /* Index.storyboard in Resources */ = {isa = PBXBuildFile; fileRef = 1FDBB7B622E5572900AC257C /* Index.storyboard */; };
		75D1F85177B9110930BF1472 /* Pods_SlatiellyTests.framework in Frameworks */ = {isa = PBXBuildFile; fileRef = F3F1D4EEF1DE45F5601BD1B8 /* Pods_SlatiellyTests.framework */; };
		B4FC0301378292E485331089 /* Pods_SlatiellyUITests.framework in Frameworks */ = {isa = PBXBuildFile; fileRef = D436DB94711131A352A212A1 /* Pods_SlatiellyUITests.framework */; };
		DC0D18A0A8D8C5A47158D92C /* Pods_Slatielly.framework in Frameworks */ = {isa = PBXBuildFile; fileRef = 72376A4271CD5213C98960B0 /* Pods_Slatielly.framework */; };
/* End PBXBuildFile section */

/* Begin PBXContainerItemProxy section */
		1FC80C4822DE434C00D0BE59 /* PBXContainerItemProxy */ = {
			isa = PBXContainerItemProxy;
			containerPortal = 1FC80C2B22DE433A00D0BE59 /* Project object */;
			proxyType = 1;
			remoteGlobalIDString = 1FC80C3222DE433B00D0BE59;
			remoteInfo = Slatielly;
		};
		1FC80C5322DE434C00D0BE59 /* PBXContainerItemProxy */ = {
			isa = PBXContainerItemProxy;
			containerPortal = 1FC80C2B22DE433A00D0BE59 /* Project object */;
			proxyType = 1;
			remoteGlobalIDString = 1FC80C3222DE433B00D0BE59;
			remoteInfo = Slatielly;
		};
/* End PBXContainerItemProxy section */

/* Begin PBXFileReference section */
		1F0AB29022EBF17F00E3AC93 /* IndexControl.swift */ = {isa = PBXFileReference; lastKnownFileType = sourcecode.swift; path = IndexControl.swift; sourceTree = "<group>"; };
		1F0AB29222EBF98700E3AC93 /* IndexTableView.swift */ = {isa = PBXFileReference; lastKnownFileType = sourcecode.swift; path = IndexTableView.swift; sourceTree = "<group>"; };
		1F63CF1522E164A700148732 /* LaunchScreen.storyboard */ = {isa = PBXFileReference; lastKnownFileType = file.storyboard; path = LaunchScreen.storyboard; sourceTree = "<group>"; };
		1F63CF1A22E168DB00148732 /* Authentication.storyboard */ = {isa = PBXFileReference; lastKnownFileType = file.storyboard; path = Authentication.storyboard; sourceTree = "<group>"; };
		1F63CF1C22E1696000148732 /* AuthenticationView.swift */ = {isa = PBXFileReference; lastKnownFileType = sourcecode.swift; path = AuthenticationView.swift; sourceTree = "<group>"; };
		1F6719E122E4DE2F0031C93F /* Answer.swift */ = {isa = PBXFileReference; lastKnownFileType = sourcecode.swift; path = Answer.swift; sourceTree = "<group>"; };
		1F6719E322E4DE790031C93F /* Like.swift */ = {isa = PBXFileReference; lastKnownFileType = sourcecode.swift; path = Like.swift; sourceTree = "<group>"; };
		1F6719E522E4DFEB0031C93F /* Rent.swift */ = {isa = PBXFileReference; lastKnownFileType = sourcecode.swift; path = Rent.swift; sourceTree = "<group>"; };
		1F9A554D22E2C222000AC204 /* RegisterView.swift */ = {isa = PBXFileReference; lastKnownFileType = sourcecode.swift; path = RegisterView.swift; sourceTree = "<group>"; };
		1F9A554F22E2C307000AC204 /* LoginView.swift */ = {isa = PBXFileReference; lastKnownFileType = sourcecode.swift; path = LoginView.swift; sourceTree = "<group>"; };
		1F9A555122E2C35D000AC204 /* LoginControl.swift */ = {isa = PBXFileReference; lastKnownFileType = sourcecode.swift; path = LoginControl.swift; sourceTree = "<group>"; };
		1F9A555322E2C386000AC204 /* RegisterControl.swift */ = {isa = PBXFileReference; lastKnownFileType = sourcecode.swift; path = RegisterControl.swift; sourceTree = "<group>"; };
		1F9A555522E2C3D3000AC204 /* AuthenticationControl.swift */ = {isa = PBXFileReference; lastKnownFileType = sourcecode.swift; path = AuthenticationControl.swift; sourceTree = "<group>"; };
		1FB93B2422ECA1E90073B5D0 /* IndexTableViewCell.swift */ = {isa = PBXFileReference; lastKnownFileType = sourcecode.swift; path = IndexTableViewCell.swift; sourceTree = "<group>"; };
		1FBBCDDD22DF812C00E5518A /* Dress.swift */ = {isa = PBXFileReference; lastKnownFileType = sourcecode.swift; path = Dress.swift; sourceTree = "<group>"; };
		1FBBCDDF22DF850D00E5518A /* Image.swift */ = {isa = PBXFileReference; lastKnownFileType = sourcecode.swift; path = Image.swift; sourceTree = "<group>"; };
		1FBBCDE122DF889300E5518A /* Comment.swift */ = {isa = PBXFileReference; lastKnownFileType = sourcecode.swift; path = Comment.swift; sourceTree = "<group>"; };
		1FBBCDE322DF994700E5518A /* User.swift */ = {isa = PBXFileReference; lastKnownFileType = sourcecode.swift; path = User.swift; sourceTree = "<group>"; };
		1FBBCDE522DF996A00E5518A /* Address.swift */ = {isa = PBXFileReference; lastKnownFileType = sourcecode.swift; path = Address.swift; sourceTree = "<group>"; };
		1FC80C3322DE433B00D0BE59 /* Slatielly.app */ = {isa = PBXFileReference; explicitFileType = wrapper.application; includeInIndex = 0; path = Slatielly.app; sourceTree = BUILT_PRODUCTS_DIR; };
		1FC80C3622DE433B00D0BE59 /* AppDelegate.swift */ = {isa = PBXFileReference; lastKnownFileType = sourcecode.swift; path = AppDelegate.swift; sourceTree = "<group>"; };
		1FC80C3D22DE434B00D0BE59 /* Assets.xcassets */ = {isa = PBXFileReference; lastKnownFileType = folder.assetcatalog; path = Assets.xcassets; sourceTree = "<group>"; };
		1FC80C4222DE434B00D0BE59 /* Info.plist */ = {isa = PBXFileReference; lastKnownFileType = text.plist.xml; path = Info.plist; sourceTree = "<group>"; };
		1FC80C4722DE434C00D0BE59 /* SlatiellyTests.xctest */ = {isa = PBXFileReference; explicitFileType = wrapper.cfbundle; includeInIndex = 0; path = SlatiellyTests.xctest; sourceTree = BUILT_PRODUCTS_DIR; };
		1FC80C4B22DE434C00D0BE59 /* SlatiellyTests.swift */ = {isa = PBXFileReference; lastKnownFileType = sourcecode.swift; path = SlatiellyTests.swift; sourceTree = "<group>"; };
		1FC80C4D22DE434C00D0BE59 /* Info.plist */ = {isa = PBXFileReference; lastKnownFileType = text.plist.xml; path = Info.plist; sourceTree = "<group>"; };
		1FC80C5222DE434C00D0BE59 /* SlatiellyUITests.xctest */ = {isa = PBXFileReference; explicitFileType = wrapper.cfbundle; includeInIndex = 0; path = SlatiellyUITests.xctest; sourceTree = BUILT_PRODUCTS_DIR; };
		1FC80C5622DE434C00D0BE59 /* SlatiellyUITests.swift */ = {isa = PBXFileReference; lastKnownFileType = sourcecode.swift; path = SlatiellyUITests.swift; sourceTree = "<group>"; };
		1FC80C5822DE434C00D0BE59 /* Info.plist */ = {isa = PBXFileReference; lastKnownFileType = text.plist.xml; path = Info.plist; sourceTree = "<group>"; };
		1FC80C6622DE51E600D0BE59 /* GoogleService-Info.plist */ = {isa = PBXFileReference; fileEncoding = 4; lastKnownFileType = text.plist.xml; name = "GoogleService-Info.plist"; path = "../../../Downloads/GoogleService-Info.plist"; sourceTree = "<group>"; };
		1FDBB7B622E5572900AC257C /* Index.storyboard */ = {isa = PBXFileReference; lastKnownFileType = file.storyboard; path = Index.storyboard; sourceTree = "<group>"; };
		67DF902FB89C73DF48CD1196 /* Pods-SlatiellyTests.debug.xcconfig */ = {isa = PBXFileReference; includeInIndex = 1; lastKnownFileType = text.xcconfig; name = "Pods-SlatiellyTests.debug.xcconfig"; path = "Target Support Files/Pods-SlatiellyTests/Pods-SlatiellyTests.debug.xcconfig"; sourceTree = "<group>"; };
		72376A4271CD5213C98960B0 /* Pods_Slatielly.framework */ = {isa = PBXFileReference; explicitFileType = wrapper.framework; includeInIndex = 0; path = Pods_Slatielly.framework; sourceTree = BUILT_PRODUCTS_DIR; };
		7548B764A12CF27C3B2409B7 /* Pods-SlatiellyUITests.release.xcconfig */ = {isa = PBXFileReference; includeInIndex = 1; lastKnownFileType = text.xcconfig; name = "Pods-SlatiellyUITests.release.xcconfig"; path = "Target Support Files/Pods-SlatiellyUITests/Pods-SlatiellyUITests.release.xcconfig"; sourceTree = "<group>"; };
		7BC74932D6B04D3C298D83F8 /* Pods-Slatielly.debug.xcconfig */ = {isa = PBXFileReference; includeInIndex = 1; lastKnownFileType = text.xcconfig; name = "Pods-Slatielly.debug.xcconfig"; path = "Target Support Files/Pods-Slatielly/Pods-Slatielly.debug.xcconfig"; sourceTree = "<group>"; };
		9BC56C7CB878F9503F1BC8A7 /* Pods-SlatiellyTests.release.xcconfig */ = {isa = PBXFileReference; includeInIndex = 1; lastKnownFileType = text.xcconfig; name = "Pods-SlatiellyTests.release.xcconfig"; path = "Target Support Files/Pods-SlatiellyTests/Pods-SlatiellyTests.release.xcconfig"; sourceTree = "<group>"; };
		C4A6B1802D47F7FB34CE4FB3 /* Pods-Slatielly.release.xcconfig */ = {isa = PBXFileReference; includeInIndex = 1; lastKnownFileType = text.xcconfig; name = "Pods-Slatielly.release.xcconfig"; path = "Target Support Files/Pods-Slatielly/Pods-Slatielly.release.xcconfig"; sourceTree = "<group>"; };
		D436DB94711131A352A212A1 /* Pods_SlatiellyUITests.framework */ = {isa = PBXFileReference; explicitFileType = wrapper.framework; includeInIndex = 0; path = Pods_SlatiellyUITests.framework; sourceTree = BUILT_PRODUCTS_DIR; };
		DFE0FFD8A41067E98723F1AF /* Pods-SlatiellyUITests.debug.xcconfig */ = {isa = PBXFileReference; includeInIndex = 1; lastKnownFileType = text.xcconfig; name = "Pods-SlatiellyUITests.debug.xcconfig"; path = "Target Support Files/Pods-SlatiellyUITests/Pods-SlatiellyUITests.debug.xcconfig"; sourceTree = "<group>"; };
		F3F1D4EEF1DE45F5601BD1B8 /* Pods_SlatiellyTests.framework */ = {isa = PBXFileReference; explicitFileType = wrapper.framework; includeInIndex = 0; path = Pods_SlatiellyTests.framework; sourceTree = BUILT_PRODUCTS_DIR; };
/* End PBXFileReference section */

/* Begin PBXFrameworksBuildPhase section */
		1FC80C3022DE433B00D0BE59 /* Frameworks */ = {
			isa = PBXFrameworksBuildPhase;
			buildActionMask = 2147483647;
			files = (
				DC0D18A0A8D8C5A47158D92C /* Pods_Slatielly.framework in Frameworks */,
			);
			runOnlyForDeploymentPostprocessing = 0;
		};
		1FC80C4422DE434C00D0BE59 /* Frameworks */ = {
			isa = PBXFrameworksBuildPhase;
			buildActionMask = 2147483647;
			files = (
				75D1F85177B9110930BF1472 /* Pods_SlatiellyTests.framework in Frameworks */,
			);
			runOnlyForDeploymentPostprocessing = 0;
		};
		1FC80C4F22DE434C00D0BE59 /* Frameworks */ = {
			isa = PBXFrameworksBuildPhase;
			buildActionMask = 2147483647;
			files = (
				B4FC0301378292E485331089 /* Pods_SlatiellyUITests.framework in Frameworks */,
			);
			runOnlyForDeploymentPostprocessing = 0;
		};
/* End PBXFrameworksBuildPhase section */

/* Begin PBXGroup section */
		1F2FE9E422E15C9B00F2D212 /* Storyboards */ = {
			isa = PBXGroup;
			children = (
				1F63CF1522E164A700148732 /* LaunchScreen.storyboard */,
				1F63CF1A22E168DB00148732 /* Authentication.storyboard */,
				1FDBB7B622E5572900AC257C /* Index.storyboard */,
			);
			path = Storyboards;
			sourceTree = "<group>";
		};
		1F63CF1922E1676D00148732 /* Authentication */ = {
			isa = PBXGroup;
			children = (
				1F9A554C22E2C1CC000AC204 /* Authentication */,
				1F9A554B22E2C1C1000AC204 /* Register */,
				1F9A554A22E2C1B7000AC204 /* Login */,
			);
			name = Authentication;
			path = "New Group1";
			sourceTree = "<group>";
		};
		1F9A554A22E2C1B7000AC204 /* Login */ = {
			isa = PBXGroup;
			children = (
				1F9A554F22E2C307000AC204 /* LoginView.swift */,
				1F9A555122E2C35D000AC204 /* LoginControl.swift */,
			);
			path = Login;
			sourceTree = "<group>";
		};
		1F9A554B22E2C1C1000AC204 /* Register */ = {
			isa = PBXGroup;
			children = (
				1F9A554D22E2C222000AC204 /* RegisterView.swift */,
				1F9A555322E2C386000AC204 /* RegisterControl.swift */,
			);
			path = Register;
			sourceTree = "<group>";
		};
		1F9A554C22E2C1CC000AC204 /* Authentication */ = {
			isa = PBXGroup;
			children = (
				1F63CF1C22E1696000148732 /* AuthenticationView.swift */,
				1F9A555522E2C3D3000AC204 /* AuthenticationControl.swift */,
			);
			path = Authentication;
			sourceTree = "<group>";
		};
		1FBBCDDC22DF80B300E5518A /* Model */ = {
			isa = PBXGroup;
			children = (
				1FBBCDDD22DF812C00E5518A /* Dress.swift */,
				1FBBCDDF22DF850D00E5518A /* Image.swift */,
				1FBBCDE122DF889300E5518A /* Comment.swift */,
				1FBBCDE322DF994700E5518A /* User.swift */,
				1FBBCDE522DF996A00E5518A /* Address.swift */,
				1F6719E122E4DE2F0031C93F /* Answer.swift */,
				1F6719E322E4DE790031C93F /* Like.swift */,
				1F6719E522E4DFEB0031C93F /* Rent.swift */,
			);
			path = Model;
			sourceTree = "<group>";
		};
		1FC80C2A22DE433A00D0BE59 = {
			isa = PBXGroup;
			children = (
				1FC80C3522DE433B00D0BE59 /* Slatielly */,
				1FC80C4A22DE434C00D0BE59 /* SlatiellyTests */,
				1FC80C5522DE434C00D0BE59 /* SlatiellyUITests */,
				1FC80C3422DE433B00D0BE59 /* Products */,
				4F5E7B5146BE016C8BE5DA85 /* Pods */,
				815ACFEF44B6DD4D3CA2720D /* Frameworks */,
			);
			sourceTree = "<group>";
		};
		1FC80C3422DE433B00D0BE59 /* Products */ = {
			isa = PBXGroup;
			children = (
				1FC80C3322DE433B00D0BE59 /* Slatielly.app */,
				1FC80C4722DE434C00D0BE59 /* SlatiellyTests.xctest */,
				1FC80C5222DE434C00D0BE59 /* SlatiellyUITests.xctest */,
			);
			name = Products;
			sourceTree = "<group>";
		};
		1FC80C3522DE433B00D0BE59 /* Slatielly */ = {
			isa = PBXGroup;
			children = (
				1FF752F322E77FAC000BD209 /* Index */,
				1F63CF1922E1676D00148732 /* Authentication */,
				1F2FE9E422E15C9B00F2D212 /* Storyboards */,
				1FBBCDDC22DF80B300E5518A /* Model */,
				1FC80C6622DE51E600D0BE59 /* GoogleService-Info.plist */,
				1FC80C3622DE433B00D0BE59 /* AppDelegate.swift */,
				1FC80C3D22DE434B00D0BE59 /* Assets.xcassets */,
				1FC80C4222DE434B00D0BE59 /* Info.plist */,
			);
			path = Slatielly;
			sourceTree = "<group>";
		};
		1FC80C4A22DE434C00D0BE59 /* SlatiellyTests */ = {
			isa = PBXGroup;
			children = (
				1FC80C4B22DE434C00D0BE59 /* SlatiellyTests.swift */,
				1FC80C4D22DE434C00D0BE59 /* Info.plist */,
			);
			path = SlatiellyTests;
			sourceTree = "<group>";
		};
		1FC80C5522DE434C00D0BE59 /* SlatiellyUITests */ = {
			isa = PBXGroup;
			children = (
				1FC80C5622DE434C00D0BE59 /* SlatiellyUITests.swift */,
				1FC80C5822DE434C00D0BE59 /* Info.plist */,
			);
			path = SlatiellyUITests;
			sourceTree = "<group>";
		};
		1FF752F322E77FAC000BD209 /* Index */ = {
			isa = PBXGroup;
			children = (
				1FF752F422E77FB9000BD209 /* Index */,
			);
			path = Index;
			sourceTree = "<group>";
		};
		1FF752F422E77FB9000BD209 /* Index */ = {
			isa = PBXGroup;
			children = (
				1F0AB29022EBF17F00E3AC93 /* IndexControl.swift */,
				1F0AB29222EBF98700E3AC93 /* IndexTableView.swift */,
				1FB93B2422ECA1E90073B5D0 /* IndexTableViewCell.swift */,
			);
			path = Index;
			sourceTree = "<group>";
		};
		4F5E7B5146BE016C8BE5DA85 /* Pods */ = {
			isa = PBXGroup;
			children = (
				7BC74932D6B04D3C298D83F8 /* Pods-Slatielly.debug.xcconfig */,
				C4A6B1802D47F7FB34CE4FB3 /* Pods-Slatielly.release.xcconfig */,
				67DF902FB89C73DF48CD1196 /* Pods-SlatiellyTests.debug.xcconfig */,
				9BC56C7CB878F9503F1BC8A7 /* Pods-SlatiellyTests.release.xcconfig */,
				DFE0FFD8A41067E98723F1AF /* Pods-SlatiellyUITests.debug.xcconfig */,
				7548B764A12CF27C3B2409B7 /* Pods-SlatiellyUITests.release.xcconfig */,
			);
			path = Pods;
			sourceTree = "<group>";
		};
		815ACFEF44B6DD4D3CA2720D /* Frameworks */ = {
			isa = PBXGroup;
			children = (
				72376A4271CD5213C98960B0 /* Pods_Slatielly.framework */,
				F3F1D4EEF1DE45F5601BD1B8 /* Pods_SlatiellyTests.framework */,
				D436DB94711131A352A212A1 /* Pods_SlatiellyUITests.framework */,
			);
			name = Frameworks;
			sourceTree = "<group>";
		};
/* End PBXGroup section */

/* Begin PBXNativeTarget section */
		1FC80C3222DE433B00D0BE59 /* Slatielly */ = {
			isa = PBXNativeTarget;
			buildConfigurationList = 1FC80C5B22DE434C00D0BE59 /* Build configuration list for PBXNativeTarget "Slatielly" */;
			buildPhases = (
				4347A2B4C50B3A6813663F9C /* [CP] Check Pods Manifest.lock */,
				1FC80C2F22DE433B00D0BE59 /* Sources */,
				1FC80C3022DE433B00D0BE59 /* Frameworks */,
				1FC80C3122DE433B00D0BE59 /* Resources */,
				3AE9CEDB58A8A6F85F68712D /* [CP] Embed Pods Frameworks */,
			);
			buildRules = (
			);
			dependencies = (
			);
			name = Slatielly;
			productName = Slatielly;
			productReference = 1FC80C3322DE433B00D0BE59 /* Slatielly.app */;
			productType = "com.apple.product-type.application";
		};
		1FC80C4622DE434C00D0BE59 /* SlatiellyTests */ = {
			isa = PBXNativeTarget;
			buildConfigurationList = 1FC80C5E22DE434C00D0BE59 /* Build configuration list for PBXNativeTarget "SlatiellyTests" */;
			buildPhases = (
				BFFCBC56D1C299C9BAFBC2A6 /* [CP] Check Pods Manifest.lock */,
				1FC80C4322DE434C00D0BE59 /* Sources */,
				1FC80C4422DE434C00D0BE59 /* Frameworks */,
				1FC80C4522DE434C00D0BE59 /* Resources */,
			);
			buildRules = (
			);
			dependencies = (
				1FC80C4922DE434C00D0BE59 /* PBXTargetDependency */,
			);
			name = SlatiellyTests;
			productName = SlatiellyTests;
			productReference = 1FC80C4722DE434C00D0BE59 /* SlatiellyTests.xctest */;
			productType = "com.apple.product-type.bundle.unit-test";
		};
		1FC80C5122DE434C00D0BE59 /* SlatiellyUITests */ = {
			isa = PBXNativeTarget;
			buildConfigurationList = 1FC80C6122DE434C00D0BE59 /* Build configuration list for PBXNativeTarget "SlatiellyUITests" */;
			buildPhases = (
				60175793684AD4673F452195 /* [CP] Check Pods Manifest.lock */,
				1FC80C4E22DE434C00D0BE59 /* Sources */,
				1FC80C4F22DE434C00D0BE59 /* Frameworks */,
				1FC80C5022DE434C00D0BE59 /* Resources */,
			);
			buildRules = (
			);
			dependencies = (
				1FC80C5422DE434C00D0BE59 /* PBXTargetDependency */,
			);
			name = SlatiellyUITests;
			productName = SlatiellyUITests;
			productReference = 1FC80C5222DE434C00D0BE59 /* SlatiellyUITests.xctest */;
			productType = "com.apple.product-type.bundle.ui-testing";
		};
/* End PBXNativeTarget section */

/* Begin PBXProject section */
		1FC80C2B22DE433A00D0BE59 /* Project object */ = {
			isa = PBXProject;
			attributes = {
				LastSwiftUpdateCheck = 1010;
				LastUpgradeCheck = 1010;
				ORGANIZATIONNAME = "Joao Carlos";
				TargetAttributes = {
					1FC80C3222DE433B00D0BE59 = {
						CreatedOnToolsVersion = 10.1;
					};
					1FC80C4622DE434C00D0BE59 = {
						CreatedOnToolsVersion = 10.1;
						TestTargetID = 1FC80C3222DE433B00D0BE59;
					};
					1FC80C5122DE434C00D0BE59 = {
						CreatedOnToolsVersion = 10.1;
						TestTargetID = 1FC80C3222DE433B00D0BE59;
					};
				};
			};
			buildConfigurationList = 1FC80C2E22DE433A00D0BE59 /* Build configuration list for PBXProject "Slatielly" */;
			compatibilityVersion = "Xcode 9.3";
			developmentRegion = en;
			hasScannedForEncodings = 0;
			knownRegions = (
				en,
				Base,
			);
			mainGroup = 1FC80C2A22DE433A00D0BE59;
			productRefGroup = 1FC80C3422DE433B00D0BE59 /* Products */;
			projectDirPath = "";
			projectRoot = "";
			targets = (
				1FC80C3222DE433B00D0BE59 /* Slatielly */,
				1FC80C4622DE434C00D0BE59 /* SlatiellyTests */,
				1FC80C5122DE434C00D0BE59 /* SlatiellyUITests */,
			);
		};
/* End PBXProject section */

/* Begin PBXResourcesBuildPhase section */
		1FC80C3122DE433B00D0BE59 /* Resources */ = {
			isa = PBXResourcesBuildPhase;
			buildActionMask = 2147483647;
			files = (
				1F63CF1B22E168DB00148732 /* Authentication.storyboard in Resources */,
				1F63CF1622E164A700148732 /* LaunchScreen.storyboard in Resources */,
				1FDBB7B722E5572900AC257C /* Index.storyboard in Resources */,
				1FC80C6722DE51E700D0BE59 /* GoogleService-Info.plist in Resources */,
				1FC80C3E22DE434B00D0BE59 /* Assets.xcassets in Resources */,
			);
			runOnlyForDeploymentPostprocessing = 0;
		};
		1FC80C4522DE434C00D0BE59 /* Resources */ = {
			isa = PBXResourcesBuildPhase;
			buildActionMask = 2147483647;
			files = (
			);
			runOnlyForDeploymentPostprocessing = 0;
		};
		1FC80C5022DE434C00D0BE59 /* Resources */ = {
			isa = PBXResourcesBuildPhase;
			buildActionMask = 2147483647;
			files = (
			);
			runOnlyForDeploymentPostprocessing = 0;
		};
/* End PBXResourcesBuildPhase section */

/* Begin PBXShellScriptBuildPhase section */
		3AE9CEDB58A8A6F85F68712D /* [CP] Embed Pods Frameworks */ = {
			isa = PBXShellScriptBuildPhase;
			buildActionMask = 2147483647;
			files = (
			);
			inputFileListPaths = (
				"${PODS_ROOT}/Target Support Files/Pods-Slatielly/Pods-Slatielly-frameworks-${CONFIGURATION}-input-files.xcfilelist",
			);
			name = "[CP] Embed Pods Frameworks";
			outputFileListPaths = (
				"${PODS_ROOT}/Target Support Files/Pods-Slatielly/Pods-Slatielly-frameworks-${CONFIGURATION}-output-files.xcfilelist",
			);
			runOnlyForDeploymentPostprocessing = 0;
			shellPath = /bin/sh;
			shellScript = "\"${PODS_ROOT}/Target Support Files/Pods-Slatielly/Pods-Slatielly-frameworks.sh\"\n";
			showEnvVarsInLog = 0;
		};
		4347A2B4C50B3A6813663F9C /* [CP] Check Pods Manifest.lock */ = {
			isa = PBXShellScriptBuildPhase;
			buildActionMask = 2147483647;
			files = (
			);
			inputFileListPaths = (
			);
			inputPaths = (
				"${PODS_PODFILE_DIR_PATH}/Podfile.lock",
				"${PODS_ROOT}/Manifest.lock",
			);
			name = "[CP] Check Pods Manifest.lock";
			outputFileListPaths = (
			);
			outputPaths = (
				"$(DERIVED_FILE_DIR)/Pods-Slatielly-checkManifestLockResult.txt",
			);
			runOnlyForDeploymentPostprocessing = 0;
			shellPath = /bin/sh;
			shellScript = "diff \"${PODS_PODFILE_DIR_PATH}/Podfile.lock\" \"${PODS_ROOT}/Manifest.lock\" > /dev/null\nif [ $? != 0 ] ; then\n    # print error to STDERR\n    echo \"error: The sandbox is not in sync with the Podfile.lock. Run 'pod install' or update your CocoaPods installation.\" >&2\n    exit 1\nfi\n# This output is used by Xcode 'outputs' to avoid re-running this script phase.\necho \"SUCCESS\" > \"${SCRIPT_OUTPUT_FILE_0}\"\n";
			showEnvVarsInLog = 0;
		};
		60175793684AD4673F452195 /* [CP] Check Pods Manifest.lock */ = {
			isa = PBXShellScriptBuildPhase;
			buildActionMask = 2147483647;
			files = (
			);
			inputFileListPaths = (
			);
			inputPaths = (
				"${PODS_PODFILE_DIR_PATH}/Podfile.lock",
				"${PODS_ROOT}/Manifest.lock",
			);
			name = "[CP] Check Pods Manifest.lock";
			outputFileListPaths = (
			);
			outputPaths = (
				"$(DERIVED_FILE_DIR)/Pods-SlatiellyUITests-checkManifestLockResult.txt",
			);
			runOnlyForDeploymentPostprocessing = 0;
			shellPath = /bin/sh;
			shellScript = "diff \"${PODS_PODFILE_DIR_PATH}/Podfile.lock\" \"${PODS_ROOT}/Manifest.lock\" > /dev/null\nif [ $? != 0 ] ; then\n    # print error to STDERR\n    echo \"error: The sandbox is not in sync with the Podfile.lock. Run 'pod install' or update your CocoaPods installation.\" >&2\n    exit 1\nfi\n# This output is used by Xcode 'outputs' to avoid re-running this script phase.\necho \"SUCCESS\" > \"${SCRIPT_OUTPUT_FILE_0}\"\n";
			showEnvVarsInLog = 0;
		};
		BFFCBC56D1C299C9BAFBC2A6 /* [CP] Check Pods Manifest.lock */ = {
			isa = PBXShellScriptBuildPhase;
			buildActionMask = 2147483647;
			files = (
			);
			inputFileListPaths = (
			);
			inputPaths = (
				"${PODS_PODFILE_DIR_PATH}/Podfile.lock",
				"${PODS_ROOT}/Manifest.lock",
			);
			name = "[CP] Check Pods Manifest.lock";
			outputFileListPaths = (
			);
			outputPaths = (
				"$(DERIVED_FILE_DIR)/Pods-SlatiellyTests-checkManifestLockResult.txt",
			);
			runOnlyForDeploymentPostprocessing = 0;
			shellPath = /bin/sh;
			shellScript = "diff \"${PODS_PODFILE_DIR_PATH}/Podfile.lock\" \"${PODS_ROOT}/Manifest.lock\" > /dev/null\nif [ $? != 0 ] ; then\n    # print error to STDERR\n    echo \"error: The sandbox is not in sync with the Podfile.lock. Run 'pod install' or update your CocoaPods installation.\" >&2\n    exit 1\nfi\n# This output is used by Xcode 'outputs' to avoid re-running this script phase.\necho \"SUCCESS\" > \"${SCRIPT_OUTPUT_FILE_0}\"\n";
			showEnvVarsInLog = 0;
		};
/* End PBXShellScriptBuildPhase section */

/* Begin PBXSourcesBuildPhase section */
		1FC80C2F22DE433B00D0BE59 /* Sources */ = {
			isa = PBXSourcesBuildPhase;
			buildActionMask = 2147483647;
			files = (
				1FBBCDE622DF996A00E5518A /* Address.swift in Sources */,
				1FBBCDE022DF850D00E5518A /* Image.swift in Sources */,
				1F9A555422E2C386000AC204 /* RegisterControl.swift in Sources */,
				1F0AB29122EBF17F00E3AC93 /* IndexControl.swift in Sources */,
				1F9A555622E2C3D3000AC204 /* AuthenticationControl.swift in Sources */,
				1FBBCDDE22DF812C00E5518A /* Dress.swift in Sources */,
				1FB93B2522ECA1E90073B5D0 /* IndexTableViewCell.swift in Sources */,
				1F9A555022E2C307000AC204 /* LoginView.swift in Sources */,
				1FBBCDE222DF889300E5518A /* Comment.swift in Sources */,
				1F6719E222E4DE2F0031C93F /* Answer.swift in Sources */,
				1F6719E422E4DE790031C93F /* Like.swift in Sources */,
				1FBBCDE422DF994700E5518A /* User.swift in Sources */,
				1F9A554E22E2C222000AC204 /* RegisterView.swift in Sources */,
				1F0AB29322EBF98700E3AC93 /* IndexTableView.swift in Sources */,
				1F9A555222E2C35D000AC204 /* LoginControl.swift in Sources */,
				1F63CF1D22E1696000148732 /* AuthenticationView.swift in Sources */,
				1F6719E622E4DFEB0031C93F /* Rent.swift in Sources */,
				1FC80C3722DE433B00D0BE59 /* AppDelegate.swift in Sources */,
			);
			runOnlyForDeploymentPostprocessing = 0;
		};
		1FC80C4322DE434C00D0BE59 /* Sources */ = {
			isa = PBXSourcesBuildPhase;
			buildActionMask = 2147483647;
			files = (
				1FC80C4C22DE434C00D0BE59 /* SlatiellyTests.swift in Sources */,
			);
			runOnlyForDeploymentPostprocessing = 0;
		};
		1FC80C4E22DE434C00D0BE59 /* Sources */ = {
			isa = PBXSourcesBuildPhase;
			buildActionMask = 2147483647;
			files = (
				1FC80C5722DE434C00D0BE59 /* SlatiellyUITests.swift in Sources */,
			);
			runOnlyForDeploymentPostprocessing = 0;
		};
/* End PBXSourcesBuildPhase section */

/* Begin PBXTargetDependency section */
		1FC80C4922DE434C00D0BE59 /* PBXTargetDependency */ = {
			isa = PBXTargetDependency;
			target = 1FC80C3222DE433B00D0BE59 /* Slatielly */;
			targetProxy = 1FC80C4822DE434C00D0BE59 /* PBXContainerItemProxy */;
		};
		1FC80C5422DE434C00D0BE59 /* PBXTargetDependency */ = {
			isa = PBXTargetDependency;
			target = 1FC80C3222DE433B00D0BE59 /* Slatielly */;
			targetProxy = 1FC80C5322DE434C00D0BE59 /* PBXContainerItemProxy */;
		};
/* End PBXTargetDependency section */

/* Begin XCBuildConfiguration section */
		1FC80C5922DE434C00D0BE59 /* Debug */ = {
			isa = XCBuildConfiguration;
			buildSettings = {
				ALWAYS_SEARCH_USER_PATHS = NO;
				CLANG_ANALYZER_NONNULL = YES;
				CLANG_ANALYZER_NUMBER_OBJECT_CONVERSION = YES_AGGRESSIVE;
				CLANG_CXX_LANGUAGE_STANDARD = "gnu++14";
				CLANG_CXX_LIBRARY = "libc++";
				CLANG_ENABLE_MODULES = YES;
				CLANG_ENABLE_OBJC_ARC = YES;
				CLANG_ENABLE_OBJC_WEAK = YES;
				CLANG_WARN_BLOCK_CAPTURE_AUTORELEASING = YES;
				CLANG_WARN_BOOL_CONVERSION = YES;
				CLANG_WARN_COMMA = YES;
				CLANG_WARN_CONSTANT_CONVERSION = YES;
				CLANG_WARN_DEPRECATED_OBJC_IMPLEMENTATIONS = YES;
				CLANG_WARN_DIRECT_OBJC_ISA_USAGE = YES_ERROR;
				CLANG_WARN_DOCUMENTATION_COMMENTS = YES;
				CLANG_WARN_EMPTY_BODY = YES;
				CLANG_WARN_ENUM_CONVERSION = YES;
				CLANG_WARN_INFINITE_RECURSION = YES;
				CLANG_WARN_INT_CONVERSION = YES;
				CLANG_WARN_NON_LITERAL_NULL_CONVERSION = YES;
				CLANG_WARN_OBJC_IMPLICIT_RETAIN_SELF = YES;
				CLANG_WARN_OBJC_LITERAL_CONVERSION = YES;
				CLANG_WARN_OBJC_ROOT_CLASS = YES_ERROR;
				CLANG_WARN_RANGE_LOOP_ANALYSIS = YES;
				CLANG_WARN_STRICT_PROTOTYPES = YES;
				CLANG_WARN_SUSPICIOUS_MOVE = YES;
				CLANG_WARN_UNGUARDED_AVAILABILITY = YES_AGGRESSIVE;
				CLANG_WARN_UNREACHABLE_CODE = YES;
				CLANG_WARN__DUPLICATE_METHOD_MATCH = YES;
				CODE_SIGN_IDENTITY = "iPhone Developer";
				COPY_PHASE_STRIP = NO;
				DEBUG_INFORMATION_FORMAT = dwarf;
				ENABLE_STRICT_OBJC_MSGSEND = YES;
				ENABLE_TESTABILITY = YES;
				GCC_C_LANGUAGE_STANDARD = gnu11;
				GCC_DYNAMIC_NO_PIC = NO;
				GCC_NO_COMMON_BLOCKS = YES;
				GCC_OPTIMIZATION_LEVEL = 0;
				GCC_PREPROCESSOR_DEFINITIONS = (
					"DEBUG=1",
					"$(inherited)",
				);
				GCC_WARN_64_TO_32_BIT_CONVERSION = YES;
				GCC_WARN_ABOUT_RETURN_TYPE = YES_ERROR;
				GCC_WARN_UNDECLARED_SELECTOR = YES;
				GCC_WARN_UNINITIALIZED_AUTOS = YES_AGGRESSIVE;
				GCC_WARN_UNUSED_FUNCTION = YES;
				GCC_WARN_UNUSED_VARIABLE = YES;
				IPHONEOS_DEPLOYMENT_TARGET = 12.1;
				MTL_ENABLE_DEBUG_INFO = INCLUDE_SOURCE;
				MTL_FAST_MATH = YES;
				ONLY_ACTIVE_ARCH = YES;
				SDKROOT = iphoneos;
				SWIFT_ACTIVE_COMPILATION_CONDITIONS = DEBUG;
				SWIFT_OPTIMIZATION_LEVEL = "-Onone";
			};
			name = Debug;
		};
		1FC80C5A22DE434C00D0BE59 /* Release */ = {
			isa = XCBuildConfiguration;
			buildSettings = {
				ALWAYS_SEARCH_USER_PATHS = NO;
				CLANG_ANALYZER_NONNULL = YES;
				CLANG_ANALYZER_NUMBER_OBJECT_CONVERSION = YES_AGGRESSIVE;
				CLANG_CXX_LANGUAGE_STANDARD = "gnu++14";
				CLANG_CXX_LIBRARY = "libc++";
				CLANG_ENABLE_MODULES = YES;
				CLANG_ENABLE_OBJC_ARC = YES;
				CLANG_ENABLE_OBJC_WEAK = YES;
				CLANG_WARN_BLOCK_CAPTURE_AUTORELEASING = YES;
				CLANG_WARN_BOOL_CONVERSION = YES;
				CLANG_WARN_COMMA = YES;
				CLANG_WARN_CONSTANT_CONVERSION = YES;
				CLANG_WARN_DEPRECATED_OBJC_IMPLEMENTATIONS = YES;
				CLANG_WARN_DIRECT_OBJC_ISA_USAGE = YES_ERROR;
				CLANG_WARN_DOCUMENTATION_COMMENTS = YES;
				CLANG_WARN_EMPTY_BODY = YES;
				CLANG_WARN_ENUM_CONVERSION = YES;
				CLANG_WARN_INFINITE_RECURSION = YES;
				CLANG_WARN_INT_CONVERSION = YES;
				CLANG_WARN_NON_LITERAL_NULL_CONVERSION = YES;
				CLANG_WARN_OBJC_IMPLICIT_RETAIN_SELF = YES;
				CLANG_WARN_OBJC_LITERAL_CONVERSION = YES;
				CLANG_WARN_OBJC_ROOT_CLASS = YES_ERROR;
				CLANG_WARN_RANGE_LOOP_ANALYSIS = YES;
				CLANG_WARN_STRICT_PROTOTYPES = YES;
				CLANG_WARN_SUSPICIOUS_MOVE = YES;
				CLANG_WARN_UNGUARDED_AVAILABILITY = YES_AGGRESSIVE;
				CLANG_WARN_UNREACHABLE_CODE = YES;
				CLANG_WARN__DUPLICATE_METHOD_MATCH = YES;
				CODE_SIGN_IDENTITY = "iPhone Developer";
				COPY_PHASE_STRIP = NO;
				DEBUG_INFORMATION_FORMAT = "dwarf-with-dsym";
				ENABLE_NS_ASSERTIONS = NO;
				ENABLE_STRICT_OBJC_MSGSEND = YES;
				GCC_C_LANGUAGE_STANDARD = gnu11;
				GCC_NO_COMMON_BLOCKS = YES;
				GCC_WARN_64_TO_32_BIT_CONVERSION = YES;
				GCC_WARN_ABOUT_RETURN_TYPE = YES_ERROR;
				GCC_WARN_UNDECLARED_SELECTOR = YES;
				GCC_WARN_UNINITIALIZED_AUTOS = YES_AGGRESSIVE;
				GCC_WARN_UNUSED_FUNCTION = YES;
				GCC_WARN_UNUSED_VARIABLE = YES;
				IPHONEOS_DEPLOYMENT_TARGET = 12.1;
				MTL_ENABLE_DEBUG_INFO = NO;
				MTL_FAST_MATH = YES;
				SDKROOT = iphoneos;
				SWIFT_COMPILATION_MODE = wholemodule;
				SWIFT_OPTIMIZATION_LEVEL = "-O";
				VALIDATE_PRODUCT = YES;
			};
			name = Release;
		};
		1FC80C5C22DE434C00D0BE59 /* Debug */ = {
			isa = XCBuildConfiguration;
			baseConfigurationReference = 7BC74932D6B04D3C298D83F8 /* Pods-Slatielly.debug.xcconfig */;
			buildSettings = {
				ASSETCATALOG_COMPILER_APPICON_NAME = AppIcon;
				CODE_SIGN_STYLE = Automatic;
				INFOPLIST_FILE = Slatielly/Info.plist;
				IPHONEOS_DEPLOYMENT_TARGET = 9.0;
				LD_RUNPATH_SEARCH_PATHS = (
					"$(inherited)",
					"@executable_path/Frameworks",
				);
				PRODUCT_BUNDLE_IDENTIFIER = JC15.Slatielly;
				PRODUCT_NAME = "$(TARGET_NAME)";
				SWIFT_VERSION = 4.2;
				TARGETED_DEVICE_FAMILY = "1,2";
			};
			name = Debug;
		};
		1FC80C5D22DE434C00D0BE59 /* Release */ = {
			isa = XCBuildConfiguration;
			baseConfigurationReference = C4A6B1802D47F7FB34CE4FB3 /* Pods-Slatielly.release.xcconfig */;
			buildSettings = {
				ASSETCATALOG_COMPILER_APPICON_NAME = AppIcon;
				CODE_SIGN_STYLE = Automatic;
				INFOPLIST_FILE = Slatielly/Info.plist;
				IPHONEOS_DEPLOYMENT_TARGET = 9.0;
				LD_RUNPATH_SEARCH_PATHS = (
					"$(inherited)",
					"@executable_path/Frameworks",
				);
				PRODUCT_BUNDLE_IDENTIFIER = JC15.Slatielly;
				PRODUCT_NAME = "$(TARGET_NAME)";
				SWIFT_VERSION = 4.2;
				TARGETED_DEVICE_FAMILY = "1,2";
			};
			name = Release;
		};
		1FC80C5F22DE434C00D0BE59 /* Debug */ = {
			isa = XCBuildConfiguration;
			baseConfigurationReference = 67DF902FB89C73DF48CD1196 /* Pods-SlatiellyTests.debug.xcconfig */;
			buildSettings = {
				ALWAYS_EMBED_SWIFT_STANDARD_LIBRARIES = YES;
				BUNDLE_LOADER = "$(TEST_HOST)";
				CODE_SIGN_STYLE = Automatic;
				INFOPLIST_FILE = SlatiellyTests/Info.plist;
				LD_RUNPATH_SEARCH_PATHS = (
					"$(inherited)",
					"@executable_path/Frameworks",
					"@loader_path/Frameworks",
				);
				PRODUCT_BUNDLE_IDENTIFIER = JC15.SlatiellyTests;
				PRODUCT_NAME = "$(TARGET_NAME)";
				SWIFT_VERSION = 4.2;
				TARGETED_DEVICE_FAMILY = "1,2";
				TEST_HOST = "$(BUILT_PRODUCTS_DIR)/Slatielly.app/Slatielly";
			};
			name = Debug;
		};
		1FC80C6022DE434C00D0BE59 /* Release */ = {
			isa = XCBuildConfiguration;
			baseConfigurationReference = 9BC56C7CB878F9503F1BC8A7 /* Pods-SlatiellyTests.release.xcconfig */;
			buildSettings = {
				ALWAYS_EMBED_SWIFT_STANDARD_LIBRARIES = YES;
				BUNDLE_LOADER = "$(TEST_HOST)";
				CODE_SIGN_STYLE = Automatic;
				INFOPLIST_FILE = SlatiellyTests/Info.plist;
				LD_RUNPATH_SEARCH_PATHS = (
					"$(inherited)",
					"@executable_path/Frameworks",
					"@loader_path/Frameworks",
				);
				PRODUCT_BUNDLE_IDENTIFIER = JC15.SlatiellyTests;
				PRODUCT_NAME = "$(TARGET_NAME)";
				SWIFT_VERSION = 4.2;
				TARGETED_DEVICE_FAMILY = "1,2";
				TEST_HOST = "$(BUILT_PRODUCTS_DIR)/Slatielly.app/Slatielly";
			};
			name = Release;
		};
		1FC80C6222DE434C00D0BE59 /* Debug */ = {
			isa = XCBuildConfiguration;
			baseConfigurationReference = DFE0FFD8A41067E98723F1AF /* Pods-SlatiellyUITests.debug.xcconfig */;
			buildSettings = {
				ALWAYS_EMBED_SWIFT_STANDARD_LIBRARIES = YES;
				CODE_SIGN_STYLE = Automatic;
				INFOPLIST_FILE = SlatiellyUITests/Info.plist;
				LD_RUNPATH_SEARCH_PATHS = (
					"$(inherited)",
					"@executable_path/Frameworks",
					"@loader_path/Frameworks",
				);
				PRODUCT_BUNDLE_IDENTIFIER = JC15.SlatiellyUITests;
				PRODUCT_NAME = "$(TARGET_NAME)";
				SWIFT_VERSION = 4.2;
				TARGETED_DEVICE_FAMILY = "1,2";
				TEST_TARGET_NAME = Slatielly;
			};
			name = Debug;
		};
		1FC80C6322DE434C00D0BE59 /* Release */ = {
			isa = XCBuildConfiguration;
			baseConfigurationReference = 7548B764A12CF27C3B2409B7 /* Pods-SlatiellyUITests.release.xcconfig */;
			buildSettings = {
				ALWAYS_EMBED_SWIFT_STANDARD_LIBRARIES = YES;
				CODE_SIGN_STYLE = Automatic;
				INFOPLIST_FILE = SlatiellyUITests/Info.plist;
				LD_RUNPATH_SEARCH_PATHS = (
					"$(inherited)",
					"@executable_path/Frameworks",
					"@loader_path/Frameworks",
				);
				PRODUCT_BUNDLE_IDENTIFIER = JC15.SlatiellyUITests;
				PRODUCT_NAME = "$(TARGET_NAME)";
				SWIFT_VERSION = 4.2;
				TARGETED_DEVICE_FAMILY = "1,2";
				TEST_TARGET_NAME = Slatielly;
			};
			name = Release;
		};
/* End XCBuildConfiguration section */

/* Begin XCConfigurationList section */
		1FC80C2E22DE433A00D0BE59 /* Build configuration list for PBXProject "Slatielly" */ = {
			isa = XCConfigurationList;
			buildConfigurations = (
				1FC80C5922DE434C00D0BE59 /* Debug */,
				1FC80C5A22DE434C00D0BE59 /* Release */,
			);
			defaultConfigurationIsVisible = 0;
			defaultConfigurationName = Release;
		};
		1FC80C5B22DE434C00D0BE59 /* Build configuration list for PBXNativeTarget "Slatielly" */ = {
			isa = XCConfigurationList;
			buildConfigurations = (
				1FC80C5C22DE434C00D0BE59 /* Debug */,
				1FC80C5D22DE434C00D0BE59 /* Release */,
			);
			defaultConfigurationIsVisible = 0;
			defaultConfigurationName = Release;
		};
		1FC80C5E22DE434C00D0BE59 /* Build configuration list for PBXNativeTarget "SlatiellyTests" */ = {
			isa = XCConfigurationList;
			buildConfigurations = (
				1FC80C5F22DE434C00D0BE59 /* Debug */,
				1FC80C6022DE434C00D0BE59 /* Release */,
			);
			defaultConfigurationIsVisible = 0;
			defaultConfigurationName = Release;
		};
		1FC80C6122DE434C00D0BE59 /* Build configuration list for PBXNativeTarget "SlatiellyUITests" */ = {
			isa = XCConfigurationList;
			buildConfigurations = (
				1FC80C6222DE434C00D0BE59 /* Debug */,
				1FC80C6322DE434C00D0BE59 /* Release */,
			);
			defaultConfigurationIsVisible = 0;
			defaultConfigurationName = Release;
		};
/* End XCConfigurationList section */
	};
	rootObject = 1FC80C2B22DE433A00D0BE59 /* Project object */;
}
